
Microsoft Visual Studio Solution File, Format Version 12.00
# Visual Studio Version 17
VisualStudioVersion = 17.5.33516.290
MinimumVisualStudioVersion = 10.0.40219.1
Project("{FAE04EC0-301F-11D3-BF4B-00C04F79EFBC}") = "lecturee 10", "lecturee 10\lecturee 10.csproj", "{1D9B0071-52DB-4452-AAA6-BC384040ADC0}"
EndProject
Global
	GlobalSection(SolutionConfigurationPlatforms) = preSolution
		Debug|Any CPU = Debug|Any CPU
		Release|Any CPU = Release|Any CPU
	EndGlobalSection
	GlobalSection(ProjectConfigurationPlatforms) = postSolution
		{1D9B0071-52DB-4452-AAA6-BC384040ADC0}.Debug|Any CPU.ActiveCfg = Debug|Any CPU
		{1D9B0071-52DB-4452-AAA6-BC384040ADC0}.Debug|Any CPU.Build.0 = Debug|Any CPU
		{1D9B0071-52DB-4452-AAA6-BC384040ADC0}.Release|Any CPU.ActiveCfg = Release|Any CPU
		{1D9B0071-52DB-4452-AAA6-BC384040ADC0}.Release|Any CPU.Build.0 = Release|Any CPU
	EndGlobalSection
	GlobalSection(SolutionProperties) = preSolution
		HideSolutionNode = FALSE
	EndGlobalSection
	GlobalSection(ExtensibilityGlobals) = postSolution
		SolutionGuid = {35A75FB0-10C9-4085-8CD2-5541343B7BD3}
	EndGlobalSection
EndGlobal
